
Microsoft Visual Studio Solution File, Format Version 12.00
# Visual Studio Version 17
VisualStudioVersion = 17.5.33627.172
MinimumVisualStudioVersion = 10.0.40219.1
Project("{FAE04EC0-301F-11D3-BF4B-00C04F79EFBC}") = "CRUDApplication", "CRUDApplication\CRUDApplication.csproj", "{27CF85A2-F27A-464A-907D-EF3E0661798B}"
EndProject
Global
	GlobalSection(SolutionConfigurationPlatforms) = preSolution
		Debug|Any CPU = Debug|Any CPU
		Release|Any CPU = Release|Any CPU
	EndGlobalSection
	GlobalSection(ProjectConfigurationPlatforms) = postSolution
		{27CF85A2-F27A-464A-907D-EF3E0661798B}.Debug|Any CPU.ActiveCfg = Debug|Any CPU
		{27CF85A2-F27A-464A-907D-EF3E0661798B}.Debug|Any CPU.Build.0 = Debug|Any CPU
		{27CF85A2-F27A-464A-907D-EF3E0661798B}.Release|Any CPU.ActiveCfg = Release|Any CPU
		{27CF85A2-F27A-464A-907D-EF3E0661798B}.Release|Any CPU.Build.0 = Release|Any CPU
	EndGlobalSection
	GlobalSection(SolutionProperties) = preSolution
		HideSolutionNode = FALSE
	EndGlobalSection
	GlobalSection(ExtensibilityGlobals) = postSolution
		SolutionGuid = {42C6C83F-8951-40AF-BE7D-D380FA509ECB}
	EndGlobalSection
EndGlobal
